
Microsoft Visual Studio Solution File, Format Version 12.00
# Visual Studio Version 17
VisualStudioVersion = 17.7.34031.279
MinimumVisualStudioVersion = 10.0.40219.1
Project("{FAE04EC0-301F-11D3-BF4B-00C04F79EFBC}") = "dotidapi", "dotidapi.csproj", "{1149B8FA-AB84-4CAB-8F10-1A475B5C0B0B}"
EndProject
Project("{FAE04EC0-301F-11D3-BF4B-00C04F79EFBC}") = "dotidapi-test", "..\dotidapi-test\dotidapi-test.csproj", "{78D1E1BD-D0DC-4630-81EE-9224C1015E7A}"
EndProject
Global
	GlobalSection(SolutionConfigurationPlatforms) = preSolution
		Debug|Any CPU = Debug|Any CPU
		Release|Any CPU = Release|Any CPU
	EndGlobalSection
	GlobalSection(ProjectConfigurationPlatforms) = postSolution
		{1149B8FA-AB84-4CAB-8F10-1A475B5C0B0B}.Debug|Any CPU.ActiveCfg = Debug|Any CPU
		{1149B8FA-AB84-4CAB-8F10-1A475B5C0B0B}.Debug|Any CPU.Build.0 = Debug|Any CPU
		{1149B8FA-AB84-4CAB-8F10-1A475B5C0B0B}.Release|Any CPU.ActiveCfg = Release|Any CPU
		{1149B8FA-AB84-4CAB-8F10-1A475B5C0B0B}.Release|Any CPU.Build.0 = Release|Any CPU
		{78D1E1BD-D0DC-4630-81EE-9224C1015E7A}.Debug|Any CPU.ActiveCfg = Debug|Any CPU
		{78D1E1BD-D0DC-4630-81EE-9224C1015E7A}.Debug|Any CPU.Build.0 = Debug|Any CPU
		{78D1E1BD-D0DC-4630-81EE-9224C1015E7A}.Release|Any CPU.ActiveCfg = Release|Any CPU
		{78D1E1BD-D0DC-4630-81EE-9224C1015E7A}.Release|Any CPU.Build.0 = Release|Any CPU
	EndGlobalSection
	GlobalSection(SolutionProperties) = preSolution
		HideSolutionNode = FALSE
	EndGlobalSection
	GlobalSection(ExtensibilityGlobals) = postSolution
		SolutionGuid = {45BED1FA-2034-4AC6-A093-2D96781B4BF5}
	EndGlobalSection
EndGlobal
